// !$*UTF8*$!
{
	archiveVersion = 1;
	classes = {
	};
	objectVersion = 55;
	objects = {

/* Begin PBXBuildFile section */
		C038AA842738E987005C7AE2 /* ProjectionAnimator.swift in Sources */ = {isa = PBXBuildFile; fileRef = C038AA832738E987005C7AE2 /* ProjectionAnimator.swift */; };
		C091615927313193003C7622 /* MapBottomSheetApp.swift in Sources */ = {isa = PBXBuildFile; fileRef = C091615827313193003C7622 /* MapBottomSheetApp.swift */; };
		C091615B27313193003C7622 /* ContentView.swift in Sources */ = {isa = PBXBuildFile; fileRef = C091615A27313193003C7622 /* ContentView.swift */; };
		C091615D27313196003C7622 /* Assets.xcassets in Resources */ = {isa = PBXBuildFile; fileRef = C091615C27313196003C7622 /* Assets.xcassets */; };
		C091616027313196003C7622 /* Preview Assets.xcassets in Resources */ = {isa = PBXBuildFile; fileRef = C091615F27313196003C7622 /* Preview Assets.xcassets */; };
		C0916167273131A3003C7622 /* MapView.swift in Sources */ = {isa = PBXBuildFile; fileRef = C0916166273131A3003C7622 /* MapView.swift */; };
		C091616927313213003C7622 /* HudView.swift in Sources */ = {isa = PBXBuildFile; fileRef = C091616827313213003C7622 /* HudView.swift */; };
		C091616D273132E4003C7622 /* MapKit.framework in Frameworks */ = {isa = PBXBuildFile; fileRef = C091616C273132E4003C7622 /* MapKit.framework */; };
		C091616F273133D9003C7622 /* BottomSheet.swift in Sources */ = {isa = PBXBuildFile; fileRef = C091616E273133D9003C7622 /* BottomSheet.swift */; };
		C0F8C3382739F1F9008F3C48 /* SpringSimulator.swift in Sources */ = {isa = PBXBuildFile; fileRef = C0F8C3372739F1F9008F3C48 /* SpringSimulator.swift */; };
/* End PBXBuildFile section */

/* Begin PBXFileReference section */
		C038AA832738E987005C7AE2 /* ProjectionAnimator.swift */ = {isa = PBXFileReference; lastKnownFileType = sourcecode.swift; path = ProjectionAnimator.swift; sourceTree = "<group>"; };
		C091615527313193003C7622 /* MapBottomSheet.app */ = {isa = PBXFileReference; explicitFileType = wrapper.application; includeInIndex = 0; path = MapBottomSheet.app; sourceTree = BUILT_PRODUCTS_DIR; };
		C091615827313193003C7622 /* MapBottomSheetApp.swift */ = {isa = PBXFileReference; lastKnownFileType = sourcecode.swift; path = MapBottomSheetApp.swift; sourceTree = "<group>"; };
		C091615A27313193003C7622 /* ContentView.swift */ = {isa = PBXFileReference; lastKnownFileType = sourcecode.swift; path = ContentView.swift; sourceTree = "<group>"; };
		C091615C27313196003C7622 /* Assets.xcassets */ = {isa = PBXFileReference; lastKnownFileType = folder.assetcatalog; path = Assets.xcassets; sourceTree = "<group>"; };
		C091615F27313196003C7622 /* Preview Assets.xcassets */ = {isa = PBXFileReference; lastKnownFileType = folder.assetcatalog; path = "Preview Assets.xcassets"; sourceTree = "<group>"; };
		C0916166273131A3003C7622 /* MapView.swift */ = {isa = PBXFileReference; lastKnownFileType = sourcecode.swift; path = MapView.swift; sourceTree = "<group>"; };
		C091616827313213003C7622 /* HudView.swift */ = {isa = PBXFileReference; lastKnownFileType = sourcecode.swift; path = HudView.swift; sourceTree = "<group>"; };
		C091616A273132E4003C7622 /* Info.plist */ = {isa = PBXFileReference; lastKnownFileType = text.plist; path = Info.plist; sourceTree = "<group>"; };
		C091616C273132E4003C7622 /* MapKit.framework */ = {isa = PBXFileReference; lastKnownFileType = wrapper.framework; name = MapKit.framework; path = System/Library/Frameworks/MapKit.framework; sourceTree = SDKROOT; };
		C091616E273133D9003C7622 /* BottomSheet.swift */ = {isa = PBXFileReference; lastKnownFileType = sourcecode.swift; path = BottomSheet.swift; sourceTree = "<group>"; };
		C0F8C3372739F1F9008F3C48 /* SpringSimulator.swift */ = {isa = PBXFileReference; lastKnownFileType = sourcecode.swift; path = SpringSimulator.swift; sourceTree = "<group>"; };
/* End PBXFileReference section */

/* Begin PBXFrameworksBuildPhase section */
		C091615227313193003C7622 /* Frameworks */ = {
			isa = PBXFrameworksBuildPhase;
			buildActionMask = 2147483647;
			files = (
				C091616D273132E4003C7622 /* MapKit.framework in Frameworks */,
			);
			runOnlyForDeploymentPostprocessing = 0;
		};
/* End PBXFrameworksBuildPhase section */

/* Begin PBXGroup section */
		C091614C27313193003C7622 = {
			isa = PBXGroup;
			children = (
				C091615727313193003C7622 /* MapBottomSheet */,
				C091615627313193003C7622 /* Products */,
				C091616B273132E4003C7622 /* Frameworks */,
			);
			sourceTree = "<group>";
		};
		C091615627313193003C7622 /* Products */ = {
			isa = PBXGroup;
			children = (
				C091615527313193003C7622 /* MapBottomSheet.app */,
			);
			name = Products;
			sourceTree = "<group>";
		};
		C091615727313193003C7622 /* MapBottomSheet */ = {
			isa = PBXGroup;
			children = (
				C091616A273132E4003C7622 /* Info.plist */,
				C091615827313193003C7622 /* MapBottomSheetApp.swift */,
				C091615A27313193003C7622 /* ContentView.swift */,
				C091615C27313196003C7622 /* Assets.xcassets */,
				C091615E27313196003C7622 /* Preview Content */,
				C0916166273131A3003C7622 /* MapView.swift */,
				C091616827313213003C7622 /* HudView.swift */,
				C091616E273133D9003C7622 /* BottomSheet.swift */,
				C038AA832738E987005C7AE2 /* ProjectionAnimator.swift */,
				C0F8C3372739F1F9008F3C48 /* SpringSimulator.swift */,
			);
			path = MapBottomSheet;
			sourceTree = "<group>";
		};
		C091615E27313196003C7622 /* Preview Content */ = {
			isa = PBXGroup;
			children = (
				C091615F27313196003C7622 /* Preview Assets.xcassets */,
			);
			path = "Preview Content";
			sourceTree = "<group>";
		};
		C091616B273132E4003C7622 /* Frameworks */ = {
			isa = PBXGroup;
			children = (
				C091616C273132E4003C7622 /* MapKit.framework */,
			);
			name = Frameworks;
			sourceTree = "<group>";
		};
/* End PBXGroup section */

/* Begin PBXNativeTarget section */
		C091615427313193003C7622 /* MapBottomSheet */ = {
			isa = PBXNativeTarget;
			buildConfigurationList = C091616327313196003C7622 /* Build configuration list for PBXNativeTarget "MapBottomSheet" */;
			buildPhases = (
				C091615127313193003C7622 /* Sources */,
				C091615227313193003C7622 /* Frameworks */,
				C091615327313193003C7622 /* Resources */,
			);
			buildRules = (
			);
			dependencies = (
			);
			name = MapBottomSheet;
			productName = MapBottomSheet;
			productReference = C091615527313193003C7622 /* MapBottomSheet.app */;
			productType = "com.apple.product-type.application";
		};
/* End PBXNativeTarget section */

/* Begin PBXProject section */
		C091614D27313193003C7622 /* Project object */ = {
			isa = PBXProject;
			attributes = {
				BuildIndependentTargetsInParallel = 1;
				LastSwiftUpdateCheck = 1310;
				LastUpgradeCheck = 1310;
				TargetAttributes = {
					C091615427313193003C7622 = {
						CreatedOnToolsVersion = 13.1;
					};
				};
			};
			buildConfigurationList = C091615027313193003C7622 /* Build configuration list for PBXProject "MapBottomSheet" */;
			compatibilityVersion = "Xcode 13.0";
			developmentRegion = en;
			hasScannedForEncodings = 0;
			knownRegions = (
				en,
				Base,
			);
			mainGroup = C091614C27313193003C7622;
			productRefGroup = C091615627313193003C7622 /* Products */;
			projectDirPath = "";
			projectRoot = "";
			targets = (
				C091615427313193003C7622 /* MapBottomSheet */,
			);
		};
/* End PBXProject section */

/* Begin PBXResourcesBuildPhase section */
		C091615327313193003C7622 /* Resources */ = {
			isa = PBXResourcesBuildPhase;
			buildActionMask = 2147483647;
			files = (
				C091616027313196003C7622 /* Preview Assets.xcassets in Resources */,
				C091615D27313196003C7622 /* Assets.xcassets in Resources */,
			);
			runOnlyForDeploymentPostprocessing = 0;
		};
/* End PBXResourcesBuildPhase section */

/* Begin PBXSourcesBuildPhase section */
		C091615127313193003C7622 /* Sources */ = {
			isa = PBXSourcesBuildPhase;
			buildActionMask = 2147483647;
			files = (
				C091616927313213003C7622 /* HudView.swift in Sources */,
				C091616F273133D9003C7622 /* BottomSheet.swift in Sources */,
				C091615B27313193003C7622 /* ContentView.swift in Sources */,
				C0916167273131A3003C7622 /* MapView.swift in Sources */,
				C091615927313193003C7622 /* MapBottomSheetApp.swift in Sources */,
				C038AA842738E987005C7AE2 /* ProjectionAnimator.swift in Sources */,
				C0F8C3382739F1F9008F3C48 /* SpringSimulator.swift in Sources */,
			);
			runOnlyForDeploymentPostprocessing = 0;
		};
/* End PBXSourcesBuildPhase section */

/* Begin XCBuildConfiguration section */
		C091616127313196003C7622 /* Debug */ = {
			isa = XCBuildConfiguration;
			buildSettings = {
				ALWAYS_SEARCH_USER_PATHS = NO;
				CLANG_ANALYZER_NONNULL = YES;
				CLANG_ANALYZER_NUMBER_OBJECT_CONVERSION = YES_AGGRESSIVE;
				CLANG_CXX_LANGUAGE_STANDARD = "gnu++17";
				CLANG_CXX_LIBRARY = "libc++";
				CLANG_ENABLE_MODULES = YES;
				CLANG_ENABLE_OBJC_ARC = YES;
				CLANG_ENABLE_OBJC_WEAK = YES;
				CLANG_WARN_BLOCK_CAPTURE_AUTORELEASING = YES;
				CLANG_WARN_BOOL_CONVERSION = YES;
				CLANG_WARN_COMMA = YES;
				CLANG_WARN_CONSTANT_CONVERSION = YES;
				CLANG_WARN_DEPRECATED_OBJC_IMPLEMENTATIONS = YES;
				CLANG_WARN_DIRECT_OBJC_ISA_USAGE = YES_ERROR;
				CLANG_WARN_DOCUMENTATION_COMMENTS = YES;
				CLANG_WARN_EMPTY_BODY = YES;
				CLANG_WARN_ENUM_CONVERSION = YES;
				CLANG_WARN_INFINITE_RECURSION = YES;
				CLANG_WARN_INT_CONVERSION = YES;
				CLANG_WARN_NON_LITERAL_NULL_CONVERSION = YES;
				CLANG_WARN_OBJC_IMPLICIT_RETAIN_SELF = YES;
				CLANG_WARN_OBJC_LITERAL_CONVERSION = YES;
				CLANG_WARN_OBJC_ROOT_CLASS = YES_ERROR;
				CLANG_WARN_QUOTED_INCLUDE_IN_FRAMEWORK_HEADER = YES;
				CLANG_WARN_RANGE_LOOP_ANALYSIS = YES;
				CLANG_WARN_STRICT_PROTOTYPES = YES;
				CLANG_WARN_SUSPICIOUS_MOVE = YES;
				CLANG_WARN_UNGUARDED_AVAILABILITY = YES_AGGRESSIVE;
				CLANG_WARN_UNREACHABLE_CODE = YES;
				CLANG_WARN__DUPLICATE_METHOD_MATCH = YES;
				COPY_PHASE_STRIP = NO;
				DEBUG_INFORMATION_FORMAT = dwarf;
				ENABLE_STRICT_OBJC_MSGSEND = YES;
				ENABLE_TESTABILITY = YES;
				GCC_C_LANGUAGE_STANDARD = gnu11;
				GCC_DYNAMIC_NO_PIC = NO;
				GCC_NO_COMMON_BLOCKS = YES;
				GCC_OPTIMIZATION_LEVEL = 0;
				GCC_PREPROCESSOR_DEFINITIONS = (
					"DEBUG=1",
					"$(inherited)",
				);
				GCC_WARN_64_TO_32_BIT_CONVERSION = YES;
				GCC_WARN_ABOUT_RETURN_TYPE = YES_ERROR;
				GCC_WARN_UNDECLARED_SELECTOR = YES;
				GCC_WARN_UNINITIALIZED_AUTOS = YES_AGGRESSIVE;
				GCC_WARN_UNUSED_FUNCTION = YES;
				GCC_WARN_UNUSED_VARIABLE = YES;
				IPHONEOS_DEPLOYMENT_TARGET = 15.0;
				MTL_ENABLE_DEBUG_INFO = INCLUDE_SOURCE;
				MTL_FAST_MATH = YES;
				ONLY_ACTIVE_ARCH = YES;
				SDKROOT = iphoneos;
				SWIFT_ACTIVE_COMPILATION_CONDITIONS = DEBUG;
				SWIFT_OPTIMIZATION_LEVEL = "-Onone";
			};
			name = Debug;
		};
		C091616227313196003C7622 /* Release */ = {
			isa = XCBuildConfiguration;
			buildSettings = {
				ALWAYS_SEARCH_USER_PATHS = NO;
				CLANG_ANALYZER_NONNULL = YES;
				CLANG_ANALYZER_NUMBER_OBJECT_CONVERSION = YES_AGGRESSIVE;
				CLANG_CXX_LANGUAGE_STANDARD = "gnu++17";
				CLANG_CXX_LIBRARY = "libc++";
				CLANG_ENABLE_MODULES = YES;
				CLANG_ENABLE_OBJC_ARC = YES;
				CLANG_ENABLE_OBJC_WEAK = YES;
				CLANG_WARN_BLOCK_CAPTURE_AUTORELEASING = YES;
				CLANG_WARN_BOOL_CONVERSION = YES;
				CLANG_WARN_COMMA = YES;
				CLANG_WARN_CONSTANT_CONVERSION = YES;
				CLANG_WARN_DEPRECATED_OBJC_IMPLEMENTATIONS = YES;
				CLANG_WARN_DIRECT_OBJC_ISA_USAGE = YES_ERROR;
				CLANG_WARN_DOCUMENTATION_COMMENTS = YES;
				CLANG_WARN_EMPTY_BODY = YES;
				CLANG_WARN_ENUM_CONVERSION = YES;
				CLANG_WARN_INFINITE_RECURSION = YES;
				CLANG_WARN_INT_CONVERSION = YES;
				CLANG_WARN_NON_LITERAL_NULL_CONVERSION = YES;
				CLANG_WARN_OBJC_IMPLICIT_RETAIN_SELF = YES;
				CLANG_WARN_OBJC_LITERAL_CONVERSION = YES;
				CLANG_WARN_OBJC_ROOT_CLASS = YES_ERROR;
				CLANG_WARN_QUOTED_INCLUDE_IN_FRAMEWORK_HEADER = YES;
				CLANG_WARN_RANGE_LOOP_ANALYSIS = YES;
				CLANG_WARN_STRICT_PROTOTYPES = YES;
				CLANG_WARN_SUSPICIOUS_MOVE = YES;
				CLANG_WARN_UNGUARDED_AVAILABILITY = YES_AGGRESSIVE;
				CLANG_WARN_UNREACHABLE_CODE = YES;
				CLANG_WARN__DUPLICATE_METHOD_MATCH = YES;
				COPY_PHASE_STRIP = NO;
				DEBUG_INFORMATION_FORMAT = "dwarf-with-dsym";
				ENABLE_NS_ASSERTIONS = NO;
				ENABLE_STRICT_OBJC_MSGSEND = YES;
				GCC_C_LANGUAGE_STANDARD = gnu11;
				GCC_NO_COMMON_BLOCKS = YES;
				GCC_WARN_64_TO_32_BIT_CONVERSION = YES;
				GCC_WARN_ABOUT_RETURN_TYPE = YES_ERROR;
				GCC_WARN_UNDECLARED_SELECTOR = YES;
				GCC_WARN_UNINITIALIZED_AUTOS = YES_AGGRESSIVE;
				GCC_WARN_UNUSED_FUNCTION = YES;
				GCC_WARN_UNUSED_VARIABLE = YES;
				IPHONEOS_DEPLOYMENT_TARGET = 15.0;
				MTL_ENABLE_DEBUG_INFO = NO;
				MTL_FAST_MATH = YES;
				SDKROOT = iphoneos;
				SWIFT_COMPILATION_MODE = wholemodule;
				SWIFT_OPTIMIZATION_LEVEL = "-O";
				VALIDATE_PRODUCT = YES;
			};
			name = Release;
		};
		C091616427313196003C7622 /* Debug */ = {
			isa = XCBuildConfiguration;
			buildSettings = {
				ASSETCATALOG_COMPILER_APPICON_NAME = AppIcon;
				ASSETCATALOG_COMPILER_GLOBAL_ACCENT_COLOR_NAME = AccentColor;
				CODE_SIGN_STYLE = Automatic;
				CURRENT_PROJECT_VERSION = 1;
				DEVELOPMENT_ASSET_PATHS = "\"MapBottomSheet/Preview Content\"";
				DEVELOPMENT_TEAM = NCKQZ2PSQD;
				ENABLE_PREVIEWS = YES;
				GENERATE_INFOPLIST_FILE = YES;
				INFOPLIST_FILE = MapBottomSheet/Info.plist;
				INFOPLIST_KEY_UIApplicationSceneManifest_Generation = YES;
				INFOPLIST_KEY_UIApplicationSupportsIndirectInputEvents = YES;
				INFOPLIST_KEY_UILaunchScreen_Generation = YES;
				INFOPLIST_KEY_UISupportedInterfaceOrientations_iPad = "UIInterfaceOrientationPortrait UIInterfaceOrientationPortraitUpsideDown UIInterfaceOrientationLandscapeLeft UIInterfaceOrientationLandscapeRight";
				INFOPLIST_KEY_UISupportedInterfaceOrientations_iPhone = "UIInterfaceOrientationPortrait UIInterfaceOrientationLandscapeLeft UIInterfaceOrientationLandscapeRight";
				INFOPLIST_KEY_UIUserInterfaceStyle = Light;
				IPHONEOS_DEPLOYMENT_TARGET = 14.1;
				LD_RUNPATH_SEARCH_PATHS = (
					"$(inherited)",
					"@executable_path/Frameworks",
				);
				MARKETING_VERSION = 1.0;
				PRODUCT_BUNDLE_IDENTIFIER = com.niaeashes.MapBottomSheet;
				PRODUCT_NAME = "$(TARGET_NAME)";
				SWIFT_EMIT_LOC_STRINGS = YES;
				SWIFT_VERSION = 5.0;
				TARGETED_DEVICE_FAMILY = "1,2";
			};
			name = Debug;
		};
		C091616527313196003C7622 /* Release */ = {
			isa = XCBuildConfiguration;
			buildSettings = {
				ASSETCATALOG_COMPILER_APPICON_NAME = AppIcon;
				ASSETCATALOG_COMPILER_GLOBAL_ACCENT_COLOR_NAME = AccentColor;
				CODE_SIGN_STYLE = Automatic;
				CURRENT_PROJECT_VERSION = 1;
				DEVELOPMENT_ASSET_PATHS = "\"MapBottomSheet/Preview Content\"";
				DEVELOPMENT_TEAM = NCKQZ2PSQD;
				ENABLE_PREVIEWS = YES;
				GENERATE_INFOPLIST_FILE = YES;
				INFOPLIST_FILE = MapBottomSheet/Info.plist;
				INFOPLIST_KEY_UIApplicationSceneManifest_Generation = YES;
				INFOPLIST_KEY_UIApplicationSupportsIndirectInputEvents = YES;
				INFOPLIST_KEY_UILaunchScreen_Generation = YES;
				INFOPLIST_KEY_UISupportedInterfaceOrientations_iPad = "UIInterfaceOrientationPortrait UIInterfaceOrientationPortraitUpsideDown UIInterfaceOrientationLandscapeLeft UIInterfaceOrientationLandscapeRight";
				INFOPLIST_KEY_UISupportedInterfaceOrientations_iPhone = "UIInterfaceOrientationPortrait UIInterfaceOrientationLandscapeLeft UIInterfaceOrientationLandscapeRight";
				INFOPLIST_KEY_UIUserInterfaceStyle = Light;
				IPHONEOS_DEPLOYMENT_TARGET = 14.1;
				LD_RUNPATH_SEARCH_PATHS = (
					"$(inherited)",
					"@executable_path/Frameworks",
				);
				MARKETING_VERSION = 1.0;
				PRODUCT_BUNDLE_IDENTIFIER = com.niaeashes.MapBottomSheet;
				PRODUCT_NAME = "$(TARGET_NAME)";
				SWIFT_EMIT_LOC_STRINGS = YES;
				SWIFT_VERSION = 5.0;
				TARGETED_DEVICE_FAMILY = "1,2";
			};
			name = Release;
		};
/* End XCBuildConfiguration section */

/* Begin XCConfigurationList section */
		C091615027313193003C7622 /* Build configuration list for PBXProject "MapBottomSheet" */ = {
			isa = XCConfigurationList;
			buildConfigurations = (
				C091616127313196003C7622 /* Debug */,
				C091616227313196003C7622 /* Release */,
			);
			defaultConfigurationIsVisible = 0;
			defaultConfigurationName = Release;
		};
		C091616327313196003C7622 /* Build configuration list for PBXNativeTarget "MapBottomSheet" */ = {
			isa = XCConfigurationList;
			buildConfigurations = (
				C091616427313196003C7622 /* Debug */,
				C091616527313196003C7622 /* Release */,
			);
			defaultConfigurationIsVisible = 0;
			defaultConfigurationName = Release;
		};
/* End XCConfigurationList section */
	};
	rootObject = C091614D27313193003C7622 /* Project object */;
}
